
Microsoft Visual Studio Solution File, Format Version 12.00
# Visual Studio Version 16
VisualStudioVersion = 16.0.30717.126
MinimumVisualStudioVersion = 10.0.40219.1
Project("{FAE04EC0-301F-11D3-BF4B-00C04F79EFBC}") = "Area-Of-A-Rectangle", "Area-Of-A-Rectangle.csproj", "{D7E545BE-695D-48E0-B797-15727B539564}"
EndProject
Global
	GlobalSection(SolutionConfigurationPlatforms) = preSolution
		Debug|Any CPU = Debug|Any CPU
		Release|Any CPU = Release|Any CPU
	EndGlobalSection
	GlobalSection(ProjectConfigurationPlatforms) = postSolution
		{D7E545BE-695D-48E0-B797-15727B539564}.Debug|Any CPU.ActiveCfg = Debug|Any CPU
		{D7E545BE-695D-48E0-B797-15727B539564}.Debug|Any CPU.Build.0 = Debug|Any CPU
		{D7E545BE-695D-48E0-B797-15727B539564}.Release|Any CPU.ActiveCfg = Release|Any CPU
		{D7E545BE-695D-48E0-B797-15727B539564}.Release|Any CPU.Build.0 = Release|Any CPU
	EndGlobalSection
	GlobalSection(SolutionProperties) = preSolution
		HideSolutionNode = FALSE
	EndGlobalSection
	GlobalSection(ExtensibilityGlobals) = postSolution
		SolutionGuid = {9C43D02B-FFEF-487F-A0A2-A17345C1227B}
	EndGlobalSection
EndGlobal
